
Microsoft Visual Studio Solution File, Format Version 12.00
# Visual Studio Version 17
VisualStudioVersion = 17.11.35222.181
MinimumVisualStudioVersion = 10.0.40219.1
Project("{FAE04EC0-301F-11D3-BF4B-00C04F79EFBC}") = "BlazorStripePOC", "BlazorStripePOC.csproj", "{E2B58952-5FC5-4700-937B-B01F99EAAD79}"
EndProject
Project("{FAE04EC0-301F-11D3-BF4B-00C04F79EFBC}") = "ApiStripePOC", "..\ApiStripePOC\ApiStripePOC.csproj", "{BAE53586-A868-475C-BF94-ABDF5069B0AA}"
EndProject
Global
	GlobalSection(SolutionConfigurationPlatforms) = preSolution
		Debug|Any CPU = Debug|Any CPU
		Release|Any CPU = Release|Any CPU
	EndGlobalSection
	GlobalSection(ProjectConfigurationPlatforms) = postSolution
		{E2B58952-5FC5-4700-937B-B01F99EAAD79}.Debug|Any CPU.ActiveCfg = Debug|Any CPU
		{E2B58952-5FC5-4700-937B-B01F99EAAD79}.Debug|Any CPU.Build.0 = Debug|Any CPU
		{E2B58952-5FC5-4700-937B-B01F99EAAD79}.Release|Any CPU.ActiveCfg = Release|Any CPU
		{E2B58952-5FC5-4700-937B-B01F99EAAD79}.Release|Any CPU.Build.0 = Release|Any CPU
		{BAE53586-A868-475C-BF94-ABDF5069B0AA}.Debug|Any CPU.ActiveCfg = Debug|Any CPU
		{BAE53586-A868-475C-BF94-ABDF5069B0AA}.Debug|Any CPU.Build.0 = Debug|Any CPU
		{BAE53586-A868-475C-BF94-ABDF5069B0AA}.Release|Any CPU.ActiveCfg = Release|Any CPU
		{BAE53586-A868-475C-BF94-ABDF5069B0AA}.Release|Any CPU.Build.0 = Release|Any CPU
	EndGlobalSection
	GlobalSection(SolutionProperties) = preSolution
		HideSolutionNode = FALSE
	EndGlobalSection
	GlobalSection(ExtensibilityGlobals) = postSolution
		SolutionGuid = {23F135EC-65FD-4998-9065-C118A3A96512}
	EndGlobalSection
EndGlobal
